
Microsoft Visual Studio Solution File, Format Version 12.00
# Visual Studio 15
VisualStudioVersion = 15.0.27428.2043
MinimumVisualStudioVersion = 10.0.40219.1
Project("{FAE04EC0-301F-11D3-BF4B-00C04F79EFBC}") = "exercicio2.Dominio", "exercicio2\exercicio2.Dominio.csproj", "{EA9FEAFE-5BA6-4D0D-BD3F-0BEBA1BCB297}"
EndProject
Project("{2150E333-8FDC-42A3-9474-1A3956D46DE8}") = "3.Dominio", "3.Dominio", "{985230E3-5D22-4C93-B5CC-BBA9E4E4A871}"
EndProject
Project("{2150E333-8FDC-42A3-9474-1A3956D46DE8}") = "2.Aplicacao", "2.Aplicacao", "{4C696AA8-79B9-499A-94B3-0BC3A2B30F6C}"
EndProject
Project("{2150E333-8FDC-42A3-9474-1A3956D46DE8}") = "4.Infraestrutura", "4.Infraestrutura", "{9420DABC-B871-45D5-840B-2C5E353CC4CC}"
EndProject
Project("{2150E333-8FDC-42A3-9474-1A3956D46DE8}") = "5.Banco de dados", "5.Banco de dados", "{29D234C4-C928-447E-B7E4-41B84B0D4BF4}"
EndProject
Project("{FAE04EC0-301F-11D3-BF4B-00C04F79EFBC}") = "exercicio2.Infra", "exercicio2.Infra\exercicio2.Infra.csproj", "{9BF76E15-3CF7-4907-9E51-30A72E5705F2}"
EndProject
Project("{FAE04EC0-301F-11D3-BF4B-00C04F79EFBC}") = "exercicio2.Infra.Data", "exercicio2.Infra.Data\exercicio2.Infra.Data.csproj", "{DAD08E11-E3E1-4301-B9EF-B0243DDD4E76}"
EndProject
Project("{FAE04EC0-301F-11D3-BF4B-00C04F79EFBC}") = "exercicio2.Aplicacao", "exercicio2.Aplicacao\exercicio2.Aplicacao.csproj", "{A46E7A18-AA8F-4D21-A3BD-AEBB2C477E5A}"
EndProject
Project("{00D1A9C2-B5F0-4AF3-8072-F6C62B433612}") = "BancoExercicio2", "BancoExercicio2\BancoExercicio2.sqlproj", "{9F9D58CE-A865-4487-BD1A-E8DD11DA8A9D}"
EndProject
Project("{2150E333-8FDC-42A3-9474-1A3956D46DE8}") = "6.Teste", "6.Teste", "{BCDA9595-622C-4EB4-AD2D-1E46B4D0B57E}"
EndProject
Project("{FAE04EC0-301F-11D3-BF4B-00C04F79EFBC}") = "Exercicio2.TesteDominio", "Exercicio2.Test\Exercicio2.TesteDominio.csproj", "{CD55CA67-7601-4D84-AD38-BBB1DF42644F}"
EndProject
Project("{FAE04EC0-301F-11D3-BF4B-00C04F79EFBC}") = "Exercicio2.ComumTeste", "Exercicio2.ComumTeste\Exercicio2.ComumTeste.csproj", "{36677A48-DB7B-4BC2-B696-11AC8EF58FF5}"
EndProject
Project("{FAE04EC0-301F-11D3-BF4B-00C04F79EFBC}") = "Exercicio2.TesteInfra.Data", "Exercicio2.TesteRepositorio\Exercicio2.TesteInfra.Data.csproj", "{D66E10B2-7889-45BC-B8C0-B42EFB27CA90}"
EndProject
Project("{FAE04EC0-301F-11D3-BF4B-00C04F79EFBC}") = "Exercicio2.AplicacaoTeste", "Exercicio2.AplicacaoTeste\Exercicio2.AplicacaoTeste.csproj", "{4620BC2D-BB63-45CF-9926-3B91D05503C7}"
EndProject
Project("{FAE04EC0-301F-11D3-BF4B-00C04F79EFBC}") = "Exercicio2.IntegracaoSistemaTeste", "UnitTestProject1\Exercicio2.IntegracaoSistemaTeste.csproj", "{55D9BB78-AC21-4334-AE0F-4415BAD71FCD}"
EndProject
Global
	GlobalSection(SolutionConfigurationPlatforms) = preSolution
		Debug|Any CPU = Debug|Any CPU
		Debug|x64 = Debug|x64
		Debug|x86 = Debug|x86
		Release|Any CPU = Release|Any CPU
		Release|x64 = Release|x64
		Release|x86 = Release|x86
	EndGlobalSection
	GlobalSection(ProjectConfigurationPlatforms) = postSolution
		{EA9FEAFE-5BA6-4D0D-BD3F-0BEBA1BCB297}.Debug|Any CPU.ActiveCfg = Debug|Any CPU
		{EA9FEAFE-5BA6-4D0D-BD3F-0BEBA1BCB297}.Debug|Any CPU.Build.0 = Debug|Any CPU
		{EA9FEAFE-5BA6-4D0D-BD3F-0BEBA1BCB297}.Debug|x64.ActiveCfg = Debug|Any CPU
		{EA9FEAFE-5BA6-4D0D-BD3F-0BEBA1BCB297}.Debug|x64.Build.0 = Debug|Any CPU
		{EA9FEAFE-5BA6-4D0D-BD3F-0BEBA1BCB297}.Debug|x86.ActiveCfg = Debug|Any CPU
		{EA9FEAFE-5BA6-4D0D-BD3F-0BEBA1BCB297}.Debug|x86.Build.0 = Debug|Any CPU
		{EA9FEAFE-5BA6-4D0D-BD3F-0BEBA1BCB297}.Release|Any CPU.ActiveCfg = Release|Any CPU
		{EA9FEAFE-5BA6-4D0D-BD3F-0BEBA1BCB297}.Release|Any CPU.Build.0 = Release|Any CPU
		{EA9FEAFE-5BA6-4D0D-BD3F-0BEBA1BCB297}.Release|x64.ActiveCfg = Release|Any CPU
		{EA9FEAFE-5BA6-4D0D-BD3F-0BEBA1BCB297}.Release|x64.Build.0 = Release|Any CPU
		{EA9FEAFE-5BA6-4D0D-BD3F-0BEBA1BCB297}.Release|x86.ActiveCfg = Release|Any CPU
		{EA9FEAFE-5BA6-4D0D-BD3F-0BEBA1BCB297}.Release|x86.Build.0 = Release|Any CPU
		{9BF76E15-3CF7-4907-9E51-30A72E5705F2}.Debug|Any CPU.ActiveCfg = Debug|Any CPU
		{9BF76E15-3CF7-4907-9E51-30A72E5705F2}.Debug|Any CPU.Build.0 = Debug|Any CPU
		{9BF76E15-3CF7-4907-9E51-30A72E5705F2}.Debug|x64.ActiveCfg = Debug|Any CPU
		{9BF76E15-3CF7-4907-9E51-30A72E5705F2}.Debug|x64.Build.0 = Debug|Any CPU
		{9BF76E15-3CF7-4907-9E51-30A72E5705F2}.Debug|x86.ActiveCfg = Debug|Any CPU
		{9BF76E15-3CF7-4907-9E51-30A72E5705F2}.Debug|x86.Build.0 = Debug|Any CPU
		{9BF76E15-3CF7-4907-9E51-30A72E5705F2}.Release|Any CPU.ActiveCfg = Release|Any CPU
		{9BF76E15-3CF7-4907-9E51-30A72E5705F2}.Release|Any CPU.Build.0 = Release|Any CPU
		{9BF76E15-3CF7-4907-9E51-30A72E5705F2}.Release|x64.ActiveCfg = Release|Any CPU
		{9BF76E15-3CF7-4907-9E51-30A72E5705F2}.Release|x64.Build.0 = Release|Any CPU
		{9BF76E15-3CF7-4907-9E51-30A72E5705F2}.Release|x86.ActiveCfg = Release|Any CPU
		{9BF76E15-3CF7-4907-9E51-30A72E5705F2}.Release|x86.Build.0 = Release|Any CPU
		{DAD08E11-E3E1-4301-B9EF-B0243DDD4E76}.Debug|Any CPU.ActiveCfg = Debug|Any CPU
		{DAD08E11-E3E1-4301-B9EF-B0243DDD4E76}.Debug|Any CPU.Build.0 = Debug|Any CPU
		{DAD08E11-E3E1-4301-B9EF-B0243DDD4E76}.Debug|x64.ActiveCfg = Debug|Any CPU
		{DAD08E11-E3E1-4301-B9EF-B0243DDD4E76}.Debug|x64.Build.0 = Debug|Any CPU
		{DAD08E11-E3E1-4301-B9EF-B0243DDD4E76}.Debug|x86.ActiveCfg = Debug|Any CPU
		{DAD08E11-E3E1-4301-B9EF-B0243DDD4E76}.Debug|x86.Build.0 = Debug|Any CPU
		{DAD08E11-E3E1-4301-B9EF-B0243DDD4E76}.Release|Any CPU.ActiveCfg = Release|Any CPU
		{DAD08E11-E3E1-4301-B9EF-B0243DDD4E76}.Release|Any CPU.Build.0 = Release|Any CPU
		{DAD08E11-E3E1-4301-B9EF-B0243DDD4E76}.Release|x64.ActiveCfg = Release|Any CPU
		{DAD08E11-E3E1-4301-B9EF-B0243DDD4E76}.Release|x64.Build.0 = Release|Any CPU
		{DAD08E11-E3E1-4301-B9EF-B0243DDD4E76}.Release|x86.ActiveCfg = Release|Any CPU
		{DAD08E11-E3E1-4301-B9EF-B0243DDD4E76}.Release|x86.Build.0 = Release|Any CPU
		{A46E7A18-AA8F-4D21-A3BD-AEBB2C477E5A}.Debug|Any CPU.ActiveCfg = Debug|Any CPU
		{A46E7A18-AA8F-4D21-A3BD-AEBB2C477E5A}.Debug|Any CPU.Build.0 = Debug|Any CPU
		{A46E7A18-AA8F-4D21-A3BD-AEBB2C477E5A}.Debug|x64.ActiveCfg = Debug|Any CPU
		{A46E7A18-AA8F-4D21-A3BD-AEBB2C477E5A}.Debug|x64.Build.0 = Debug|Any CPU
		{A46E7A18-AA8F-4D21-A3BD-AEBB2C477E5A}.Debug|x86.ActiveCfg = Debug|Any CPU
		{A46E7A18-AA8F-4D21-A3BD-AEBB2C477E5A}.Debug|x86.Build.0 = Debug|Any CPU
		{A46E7A18-AA8F-4D21-A3BD-AEBB2C477E5A}.Release|Any CPU.ActiveCfg = Release|Any CPU
		{A46E7A18-AA8F-4D21-A3BD-AEBB2C477E5A}.Release|Any CPU.Build.0 = Release|Any CPU
		{A46E7A18-AA8F-4D21-A3BD-AEBB2C477E5A}.Release|x64.ActiveCfg = Release|Any CPU
		{A46E7A18-AA8F-4D21-A3BD-AEBB2C477E5A}.Release|x64.Build.0 = Release|Any CPU
		{A46E7A18-AA8F-4D21-A3BD-AEBB2C477E5A}.Release|x86.ActiveCfg = Release|Any CPU
		{A46E7A18-AA8F-4D21-A3BD-AEBB2C477E5A}.Release|x86.Build.0 = Release|Any CPU
		{9F9D58CE-A865-4487-BD1A-E8DD11DA8A9D}.Debug|Any CPU.ActiveCfg = Debug|Any CPU
		{9F9D58CE-A865-4487-BD1A-E8DD11DA8A9D}.Debug|Any CPU.Build.0 = Debug|Any CPU
		{9F9D58CE-A865-4487-BD1A-E8DD11DA8A9D}.Debug|Any CPU.Deploy.0 = Debug|Any CPU
		{9F9D58CE-A865-4487-BD1A-E8DD11DA8A9D}.Debug|x64.ActiveCfg = Debug|Any CPU
		{9F9D58CE-A865-4487-BD1A-E8DD11DA8A9D}.Debug|x64.Build.0 = Debug|Any CPU
		{9F9D58CE-A865-4487-BD1A-E8DD11DA8A9D}.Debug|x64.Deploy.0 = Debug|Any CPU
		{9F9D58CE-A865-4487-BD1A-E8DD11DA8A9D}.Debug|x86.ActiveCfg = Debug|Any CPU
		{9F9D58CE-A865-4487-BD1A-E8DD11DA8A9D}.Debug|x86.Build.0 = Debug|Any CPU
		{9F9D58CE-A865-4487-BD1A-E8DD11DA8A9D}.Debug|x86.Deploy.0 = Debug|Any CPU
		{9F9D58CE-A865-4487-BD1A-E8DD11DA8A9D}.Release|Any CPU.ActiveCfg = Release|Any CPU
		{9F9D58CE-A865-4487-BD1A-E8DD11DA8A9D}.Release|Any CPU.Build.0 = Release|Any CPU
		{9F9D58CE-A865-4487-BD1A-E8DD11DA8A9D}.Release|Any CPU.Deploy.0 = Release|Any CPU
		{9F9D58CE-A865-4487-BD1A-E8DD11DA8A9D}.Release|x64.ActiveCfg = Release|Any CPU
		{9F9D58CE-A865-4487-BD1A-E8DD11DA8A9D}.Release|x64.Build.0 = Release|Any CPU
		{9F9D58CE-A865-4487-BD1A-E8DD11DA8A9D}.Release|x64.Deploy.0 = Release|Any CPU
		{9F9D58CE-A865-4487-BD1A-E8DD11DA8A9D}.Release|x86.ActiveCfg = Release|Any CPU
		{9F9D58CE-A865-4487-BD1A-E8DD11DA8A9D}.Release|x86.Build.0 = Release|Any CPU
		{9F9D58CE-A865-4487-BD1A-E8DD11DA8A9D}.Release|x86.Deploy.0 = Release|Any CPU
		{CD55CA67-7601-4D84-AD38-BBB1DF42644F}.Debug|Any CPU.ActiveCfg = Debug|Any CPU
		{CD55CA67-7601-4D84-AD38-BBB1DF42644F}.Debug|Any CPU.Build.0 = Debug|Any CPU
		{CD55CA67-7601-4D84-AD38-BBB1DF42644F}.Debug|x64.ActiveCfg = Debug|Any CPU
		{CD55CA67-7601-4D84-AD38-BBB1DF42644F}.Debug|x64.Build.0 = Debug|Any CPU
		{CD55CA67-7601-4D84-AD38-BBB1DF42644F}.Debug|x86.ActiveCfg = Debug|Any CPU
		{CD55CA67-7601-4D84-AD38-BBB1DF42644F}.Debug|x86.Build.0 = Debug|Any CPU
		{CD55CA67-7601-4D84-AD38-BBB1DF42644F}.Release|Any CPU.ActiveCfg = Release|Any CPU
		{CD55CA67-7601-4D84-AD38-BBB1DF42644F}.Release|Any CPU.Build.0 = Release|Any CPU
		{CD55CA67-7601-4D84-AD38-BBB1DF42644F}.Release|x64.ActiveCfg = Release|Any CPU
		{CD55CA67-7601-4D84-AD38-BBB1DF42644F}.Release|x64.Build.0 = Release|Any CPU
		{CD55CA67-7601-4D84-AD38-BBB1DF42644F}.Release|x86.ActiveCfg = Release|Any CPU
		{CD55CA67-7601-4D84-AD38-BBB1DF42644F}.Release|x86.Build.0 = Release|Any CPU
		{36677A48-DB7B-4BC2-B696-11AC8EF58FF5}.Debug|Any CPU.ActiveCfg = Debug|Any CPU
		{36677A48-DB7B-4BC2-B696-11AC8EF58FF5}.Debug|Any CPU.Build.0 = Debug|Any CPU
		{36677A48-DB7B-4BC2-B696-11AC8EF58FF5}.Debug|x64.ActiveCfg = Debug|Any CPU
		{36677A48-DB7B-4BC2-B696-11AC8EF58FF5}.Debug|x64.Build.0 = Debug|Any CPU
		{36677A48-DB7B-4BC2-B696-11AC8EF58FF5}.Debug|x86.ActiveCfg = Debug|Any CPU
		{36677A48-DB7B-4BC2-B696-11AC8EF58FF5}.Debug|x86.Build.0 = Debug|Any CPU
		{36677A48-DB7B-4BC2-B696-11AC8EF58FF5}.Release|Any CPU.ActiveCfg = Release|Any CPU
		{36677A48-DB7B-4BC2-B696-11AC8EF58FF5}.Release|Any CPU.Build.0 = Release|Any CPU
		{36677A48-DB7B-4BC2-B696-11AC8EF58FF5}.Release|x64.ActiveCfg = Release|Any CPU
		{36677A48-DB7B-4BC2-B696-11AC8EF58FF5}.Release|x64.Build.0 = Release|Any CPU
		{36677A48-DB7B-4BC2-B696-11AC8EF58FF5}.Release|x86.ActiveCfg = Release|Any CPU
		{36677A48-DB7B-4BC2-B696-11AC8EF58FF5}.Release|x86.Build.0 = Release|Any CPU
		{D66E10B2-7889-45BC-B8C0-B42EFB27CA90}.Debug|Any CPU.ActiveCfg = Debug|Any CPU
		{D66E10B2-7889-45BC-B8C0-B42EFB27CA90}.Debug|Any CPU.Build.0 = Debug|Any CPU
		{D66E10B2-7889-45BC-B8C0-B42EFB27CA90}.Debug|x64.ActiveCfg = Debug|Any CPU
		{D66E10B2-7889-45BC-B8C0-B42EFB27CA90}.Debug|x64.Build.0 = Debug|Any CPU
		{D66E10B2-7889-45BC-B8C0-B42EFB27CA90}.Debug|x86.ActiveCfg = Debug|Any CPU
		{D66E10B2-7889-45BC-B8C0-B42EFB27CA90}.Debug|x86.Build.0 = Debug|Any CPU
		{D66E10B2-7889-45BC-B8C0-B42EFB27CA90}.Release|Any CPU.ActiveCfg = Release|Any CPU
		{D66E10B2-7889-45BC-B8C0-B42EFB27CA90}.Release|Any CPU.Build.0 = Release|Any CPU
		{D66E10B2-7889-45BC-B8C0-B42EFB27CA90}.Release|x64.ActiveCfg = Release|Any CPU
		{D66E10B2-7889-45BC-B8C0-B42EFB27CA90}.Release|x64.Build.0 = Release|Any CPU
		{D66E10B2-7889-45BC-B8C0-B42EFB27CA90}.Release|x86.ActiveCfg = Release|Any CPU
		{D66E10B2-7889-45BC-B8C0-B42EFB27CA90}.Release|x86.Build.0 = Release|Any CPU
		{4620BC2D-BB63-45CF-9926-3B91D05503C7}.Debug|Any CPU.ActiveCfg = Debug|Any CPU
		{4620BC2D-BB63-45CF-9926-3B91D05503C7}.Debug|Any CPU.Build.0 = Debug|Any CPU
		{4620BC2D-BB63-45CF-9926-3B91D05503C7}.Debug|x64.ActiveCfg = Debug|Any CPU
		{4620BC2D-BB63-45CF-9926-3B91D05503C7}.Debug|x64.Build.0 = Debug|Any CPU
		{4620BC2D-BB63-45CF-9926-3B91D05503C7}.Debug|x86.ActiveCfg = Debug|Any CPU
		{4620BC2D-BB63-45CF-9926-3B91D05503C7}.Debug|x86.Build.0 = Debug|Any CPU
		{4620BC2D-BB63-45CF-9926-3B91D05503C7}.Release|Any CPU.ActiveCfg = Release|Any CPU
		{4620BC2D-BB63-45CF-9926-3B91D05503C7}.Release|Any CPU.Build.0 = Release|Any CPU
		{4620BC2D-BB63-45CF-9926-3B91D05503C7}.Release|x64.ActiveCfg = Release|Any CPU
		{4620BC2D-BB63-45CF-9926-3B91D05503C7}.Release|x64.Build.0 = Release|Any CPU
		{4620BC2D-BB63-45CF-9926-3B91D05503C7}.Release|x86.ActiveCfg = Release|Any CPU
		{4620BC2D-BB63-45CF-9926-3B91D05503C7}.Release|x86.Build.0 = Release|Any CPU
		{55D9BB78-AC21-4334-AE0F-4415BAD71FCD}.Debug|Any CPU.ActiveCfg = Debug|Any CPU
		{55D9BB78-AC21-4334-AE0F-4415BAD71FCD}.Debug|Any CPU.Build.0 = Debug|Any CPU
		{55D9BB78-AC21-4334-AE0F-4415BAD71FCD}.Debug|x64.ActiveCfg = Debug|Any CPU
		{55D9BB78-AC21-4334-AE0F-4415BAD71FCD}.Debug|x64.Build.0 = Debug|Any CPU
		{55D9BB78-AC21-4334-AE0F-4415BAD71FCD}.Debug|x86.ActiveCfg = Debug|Any CPU
		{55D9BB78-AC21-4334-AE0F-4415BAD71FCD}.Debug|x86.Build.0 = Debug|Any CPU
		{55D9BB78-AC21-4334-AE0F-4415BAD71FCD}.Release|Any CPU.ActiveCfg = Release|Any CPU
		{55D9BB78-AC21-4334-AE0F-4415BAD71FCD}.Release|Any CPU.Build.0 = Release|Any CPU
		{55D9BB78-AC21-4334-AE0F-4415BAD71FCD}.Release|x64.ActiveCfg = Release|Any CPU
		{55D9BB78-AC21-4334-AE0F-4415BAD71FCD}.Release|x64.Build.0 = Release|Any CPU
		{55D9BB78-AC21-4334-AE0F-4415BAD71FCD}.Release|x86.ActiveCfg = Release|Any CPU
		{55D9BB78-AC21-4334-AE0F-4415BAD71FCD}.Release|x86.Build.0 = Release|Any CPU
	EndGlobalSection
	GlobalSection(SolutionProperties) = preSolution
		HideSolutionNode = FALSE
	EndGlobalSection
	GlobalSection(NestedProjects) = preSolution
		{EA9FEAFE-5BA6-4D0D-BD3F-0BEBA1BCB297} = {985230E3-5D22-4C93-B5CC-BBA9E4E4A871}
		{9BF76E15-3CF7-4907-9E51-30A72E5705F2} = {9420DABC-B871-45D5-840B-2C5E353CC4CC}
		{DAD08E11-E3E1-4301-B9EF-B0243DDD4E76} = {9420DABC-B871-45D5-840B-2C5E353CC4CC}
		{A46E7A18-AA8F-4D21-A3BD-AEBB2C477E5A} = {4C696AA8-79B9-499A-94B3-0BC3A2B30F6C}
		{9F9D58CE-A865-4487-BD1A-E8DD11DA8A9D} = {29D234C4-C928-447E-B7E4-41B84B0D4BF4}
		{CD55CA67-7601-4D84-AD38-BBB1DF42644F} = {BCDA9595-622C-4EB4-AD2D-1E46B4D0B57E}
		{36677A48-DB7B-4BC2-B696-11AC8EF58FF5} = {BCDA9595-622C-4EB4-AD2D-1E46B4D0B57E}
		{D66E10B2-7889-45BC-B8C0-B42EFB27CA90} = {BCDA9595-622C-4EB4-AD2D-1E46B4D0B57E}
		{4620BC2D-BB63-45CF-9926-3B91D05503C7} = {BCDA9595-622C-4EB4-AD2D-1E46B4D0B57E}
		{55D9BB78-AC21-4334-AE0F-4415BAD71FCD} = {BCDA9595-622C-4EB4-AD2D-1E46B4D0B57E}
	EndGlobalSection
	GlobalSection(ExtensibilityGlobals) = postSolution
		SolutionGuid = {1EFC48DF-EBAC-47F1-BADF-CFDB4CF15127}
	EndGlobalSection
EndGlobal
